
Microsoft Visual Studio Solution File, Format Version 12.00
# Visual Studio Version 17
VisualStudioVersion = 17.14.37411.7 d17.14
MinimumVisualStudioVersion = 10.0.40219.1
Project("{FAE04EC0-301F-11D3-BF4B-00C04F79EFBC}") = "API", "API.csproj", "{510F94BA-B637-4ACE-AE41-7BADEFB96503}"
EndProject
Project("{FAE04EC0-301F-11D3-BF4B-00C04F79EFBC}") = "Domain", "..\Domain\Domain.csproj", "{141BAF37-56B7-470E-8C7E-219E6E18B955}"
EndProject
Project("{FAE04EC0-301F-11D3-BF4B-00C04F79EFBC}") = "Application", "..\Application\Application.csproj", "{A94905CD-9035-4568-A058-030ED28F8A82}"
EndProject
Project("{FAE04EC0-301F-11D3-BF4B-00C04F79EFBC}") = "Infrastructure", "..\Infrastructure\Infrastructure.csproj", "{5CC9E3F9-C680-4614-A7EA-FA6FE41D73DD}"
EndProject
Global
	GlobalSection(SolutionConfigurationPlatforms) = preSolution
		Debug|Any CPU = Debug|Any CPU
		Release|Any CPU = Release|Any CPU
	EndGlobalSection
	GlobalSection(ProjectConfigurationPlatforms) = postSolution
		{510F94BA-B637-4ACE-AE41-7BADEFB96503}.Debug|Any CPU.ActiveCfg = Debug|Any CPU
		{510F94BA-B637-4ACE-AE41-7BADEFB96503}.Debug|Any CPU.Build.0 = Debug|Any CPU
		{510F94BA-B637-4ACE-AE41-7BADEFB96503}.Release|Any CPU.ActiveCfg = Release|Any CPU
		{510F94BA-B637-4ACE-AE41-7BADEFB96503}.Release|Any CPU.Build.0 = Release|Any CPU
		{141BAF37-56B7-470E-8C7E-219E6E18B955}.Debug|Any CPU.ActiveCfg = Debug|Any CPU
		{141BAF37-56B7-470E-8C7E-219E6E18B955}.Debug|Any CPU.Build.0 = Debug|Any CPU
		{141BAF37-56B7-470E-8C7E-219E6E18B955}.Release|Any CPU.ActiveCfg = Release|Any CPU
		{141BAF37-56B7-470E-8C7E-219E6E18B955}.Release|Any CPU.Build.0 = Release|Any CPU
		{A94905CD-9035-4568-A058-030ED28F8A82}.Debug|Any CPU.ActiveCfg = Debug|Any CPU
		{A94905CD-9035-4568-A058-030ED28F8A82}.Debug|Any CPU.Build.0 = Debug|Any CPU
		{A94905CD-9035-4568-A058-030ED28F8A82}.Release|Any CPU.ActiveCfg = Release|Any CPU
		{A94905CD-9035-4568-A058-030ED28F8A82}.Release|Any CPU.Build.0 = Release|Any CPU
		{5CC9E3F9-C680-4614-A7EA-FA6FE41D73DD}.Debug|Any CPU.ActiveCfg = Debug|Any CPU
		{5CC9E3F9-C680-4614-A7EA-FA6FE41D73DD}.Debug|Any CPU.Build.0 = Debug|Any CPU
		{5CC9E3F9-C680-4614-A7EA-FA6FE41D73DD}.Release|Any CPU.ActiveCfg = Release|Any CPU
		{5CC9E3F9-C680-4614-A7EA-FA6FE41D73DD}.Release|Any CPU.Build.0 = Release|Any CPU
	EndGlobalSection
	GlobalSection(SolutionProperties) = preSolution
		HideSolutionNode = FALSE
	EndGlobalSection
	GlobalSection(ExtensibilityGlobals) = postSolution
		SolutionGuid = {D8B35146-E0AD-40CD-BBA5-03ED65647041}
	EndGlobalSection
EndGlobal
